
Microsoft Visual Studio Solution File, Format Version 12.00
# Visual Studio Version 17
VisualStudioVersion = 17.7.34024.191
MinimumVisualStudioVersion = 10.0.40219.1
Project("{9A19103F-16F7-4668-BE54-9A1E7A4F7556}") = "Kurs_first", "Kurs_first\Kurs_first.csproj", "{8D188789-023C-479F-8AC6-F288C28DEBC5}"
EndProject
Project("{2150E333-8FDC-42A3-9474-1A3956D46DE8}") = "Элементы решения", "Элементы решения", "{70ADE317-7F12-41DF-9BC3-914B2C507DB7}"
	ProjectSection(SolutionItems) = preProject
		C:\Users\caynox\Desktop\christmas tree.png = C:\Users\caynox\Desktop\christmas tree.png
		firstPlace.png = firstPlace.png
		grey_toy_new.png = grey_toy_new.png
		red_toy_new.png = red_toy_new.png
		toy_new.png = toy_new.png
	EndProjectSection
EndProject
Global
	GlobalSection(SolutionConfigurationPlatforms) = preSolution
		Debug|Any CPU = Debug|Any CPU
		Release|Any CPU = Release|Any CPU
	EndGlobalSection
	GlobalSection(ProjectConfigurationPlatforms) = postSolution
		{8D188789-023C-479F-8AC6-F288C28DEBC5}.Debug|Any CPU.ActiveCfg = Debug|Any CPU
		{8D188789-023C-479F-8AC6-F288C28DEBC5}.Debug|Any CPU.Build.0 = Debug|Any CPU
		{8D188789-023C-479F-8AC6-F288C28DEBC5}.Release|Any CPU.ActiveCfg = Release|Any CPU
		{8D188789-023C-479F-8AC6-F288C28DEBC5}.Release|Any CPU.Build.0 = Release|Any CPU
	EndGlobalSection
	GlobalSection(SolutionProperties) = preSolution
		HideSolutionNode = FALSE
	EndGlobalSection
	GlobalSection(ExtensibilityGlobals) = postSolution
		SolutionGuid = {BC028903-4038-4E1E-A3A4-398BFDC33D2D}
	EndGlobalSection
EndGlobal
